
Microsoft Visual Studio Solution File, Format Version 12.00
# Visual Studio Version 17
VisualStudioVersion = 17.7.34024.191
MinimumVisualStudioVersion = 10.0.40219.1
Project("{FAE04EC0-301F-11D3-BF4B-00C04F79EFBC}") = "EventLogsAPI", "EventLogsAPI\EventLogsAPI.csproj", "{52FAF3FC-B5D1-48FC-BE8B-DE912DCCA936}"
EndProject
Global
	GlobalSection(SolutionConfigurationPlatforms) = preSolution
		Debug|Any CPU = Debug|Any CPU
		Release|Any CPU = Release|Any CPU
	EndGlobalSection
	GlobalSection(ProjectConfigurationPlatforms) = postSolution
		{52FAF3FC-B5D1-48FC-BE8B-DE912DCCA936}.Debug|Any CPU.ActiveCfg = Debug|Any CPU
		{52FAF3FC-B5D1-48FC-BE8B-DE912DCCA936}.Debug|Any CPU.Build.0 = Debug|Any CPU
		{52FAF3FC-B5D1-48FC-BE8B-DE912DCCA936}.Release|Any CPU.ActiveCfg = Release|Any CPU
		{52FAF3FC-B5D1-48FC-BE8B-DE912DCCA936}.Release|Any CPU.Build.0 = Release|Any CPU
	EndGlobalSection
	GlobalSection(SolutionProperties) = preSolution
		HideSolutionNode = FALSE
	EndGlobalSection
	GlobalSection(ExtensibilityGlobals) = postSolution
		SolutionGuid = {7215D28D-E1CD-4B67-BF8D-BEA117336C0E}
	EndGlobalSection
EndGlobal
